
Microsoft Visual Studio Solution File, Format Version 12.00
# Visual Studio Version 17
VisualStudioVersion = 17.13.35913.81
MinimumVisualStudioVersion = 10.0.40219.1
Project("{FAE04EC0-301F-11D3-BF4B-00C04F79EFBC}") = "ArtAttack", "ArtAttack\ArtAttack.csproj", "{C8A52EF7-C813-6C62-AC3B-1B0A593D4F3C}"
EndProject
Project("{FAE04EC0-301F-11D3-BF4B-00C04F79EFBC}") = "ArtAttack.Tests", "ArtAttack.Tests\ArtAttack.Tests.csproj", "{880D3762-30CB-EA4B-0BB6-E29139CF1F4F}"
EndProject
Project("{FAE04EC0-301F-11D3-BF4B-00C04F79EFBC}") = "CtrlAltElite", "CtrlAltElite\CtrlAltElite.csproj", "{0B66CF47-E672-01F2-5443-D0DD83DACECC}"
EndProject
Project("{FAE04EC0-301F-11D3-BF4B-00C04F79EFBC}") = "CtrlAltElite.Tests", "CtrlAltElite.Tests\CtrlAltElite.Tests.csproj", "{E0FA25F9-2726-B45E-A3CA-8C12E4653BF3}"
EndProject
Project("{FAE04EC0-301F-11D3-BF4B-00C04F79EFBC}") = "SteamHub.Api", "SteamHub.Api\SteamHub.Api.csproj", "{9EA4E498-B878-4D13-9141-8573EA9D9669}"
EndProject
Project("{FAE04EC0-301F-11D3-BF4B-00C04F79EFBC}") = "SteamHub.ApiContract", "SteamHub.ApiContract\SteamHub.ApiContract.csproj", "{B64237CF-1C78-400F-864C-032712AEFED5}"
EndProject
Project("{FAE04EC0-301F-11D3-BF4B-00C04F79EFBC}") = "SteamHub.Tests", "SteamHub.Tests\SteamHub.Tests.csproj", "{C92A9C71-1C65-48F2-AAB4-D9C92883E302}"
EndProject
Project("{2150E333-8FDC-42A3-9474-1A3956D46DE8}") = "Solution Items", "Solution Items", "{02EA681E-C7D8-13C7-8484-4AC65E1B71E8}"
	ProjectSection(SolutionItems) = preProject
		.editorconfig = .editorconfig
	EndProjectSection
Global
	GlobalSection(SolutionConfigurationPlatforms) = preSolution
		Debug|ARM64 = Debug|ARM64
		Debug|x64 = Debug|x64
		Debug|x86 = Debug|x86
		Release|ARM64 = Release|ARM64
		Release|x64 = Release|x64
		Release|x86 = Release|x86
	EndGlobalSection
	GlobalSection(ProjectConfigurationPlatforms) = postSolution
		{C8A52EF7-C813-6C62-AC3B-1B0A593D4F3C}.Debug|ARM64.ActiveCfg = Debug|ARM64
		{C8A52EF7-C813-6C62-AC3B-1B0A593D4F3C}.Debug|ARM64.Build.0 = Debug|ARM64
		{C8A52EF7-C813-6C62-AC3B-1B0A593D4F3C}.Debug|ARM64.Deploy.0 = Debug|ARM64
		{C8A52EF7-C813-6C62-AC3B-1B0A593D4F3C}.Debug|x64.ActiveCfg = Debug|x64
		{C8A52EF7-C813-6C62-AC3B-1B0A593D4F3C}.Debug|x64.Build.0 = Debug|x64
		{C8A52EF7-C813-6C62-AC3B-1B0A593D4F3C}.Debug|x64.Deploy.0 = Debug|x64
		{C8A52EF7-C813-6C62-AC3B-1B0A593D4F3C}.Debug|x86.ActiveCfg = Debug|x86
		{C8A52EF7-C813-6C62-AC3B-1B0A593D4F3C}.Debug|x86.Build.0 = Debug|x86
		{C8A52EF7-C813-6C62-AC3B-1B0A593D4F3C}.Debug|x86.Deploy.0 = Debug|x86
		{C8A52EF7-C813-6C62-AC3B-1B0A593D4F3C}.Release|ARM64.ActiveCfg = Release|ARM64
		{C8A52EF7-C813-6C62-AC3B-1B0A593D4F3C}.Release|ARM64.Build.0 = Release|ARM64
		{C8A52EF7-C813-6C62-AC3B-1B0A593D4F3C}.Release|ARM64.Deploy.0 = Release|ARM64
		{C8A52EF7-C813-6C62-AC3B-1B0A593D4F3C}.Release|x64.ActiveCfg = Release|x64
		{C8A52EF7-C813-6C62-AC3B-1B0A593D4F3C}.Release|x64.Build.0 = Release|x64
		{C8A52EF7-C813-6C62-AC3B-1B0A593D4F3C}.Release|x64.Deploy.0 = Release|x64
		{C8A52EF7-C813-6C62-AC3B-1B0A593D4F3C}.Release|x86.ActiveCfg = Release|x86
		{C8A52EF7-C813-6C62-AC3B-1B0A593D4F3C}.Release|x86.Build.0 = Release|x86
		{C8A52EF7-C813-6C62-AC3B-1B0A593D4F3C}.Release|x86.Deploy.0 = Release|x86
		{880D3762-30CB-EA4B-0BB6-E29139CF1F4F}.Debug|ARM64.ActiveCfg = Debug|Any CPU
		{880D3762-30CB-EA4B-0BB6-E29139CF1F4F}.Debug|ARM64.Build.0 = Debug|Any CPU
		{880D3762-30CB-EA4B-0BB6-E29139CF1F4F}.Debug|x64.ActiveCfg = Debug|Any CPU
		{880D3762-30CB-EA4B-0BB6-E29139CF1F4F}.Debug|x64.Build.0 = Debug|Any CPU
		{880D3762-30CB-EA4B-0BB6-E29139CF1F4F}.Debug|x86.ActiveCfg = Debug|Any CPU
		{880D3762-30CB-EA4B-0BB6-E29139CF1F4F}.Debug|x86.Build.0 = Debug|Any CPU
		{880D3762-30CB-EA4B-0BB6-E29139CF1F4F}.Release|ARM64.ActiveCfg = Release|Any CPU
		{880D3762-30CB-EA4B-0BB6-E29139CF1F4F}.Release|ARM64.Build.0 = Release|Any CPU
		{880D3762-30CB-EA4B-0BB6-E29139CF1F4F}.Release|x64.ActiveCfg = Release|Any CPU
		{880D3762-30CB-EA4B-0BB6-E29139CF1F4F}.Release|x64.Build.0 = Release|Any CPU
		{880D3762-30CB-EA4B-0BB6-E29139CF1F4F}.Release|x86.ActiveCfg = Release|Any CPU
		{880D3762-30CB-EA4B-0BB6-E29139CF1F4F}.Release|x86.Build.0 = Release|Any CPU
		{0B66CF47-E672-01F2-5443-D0DD83DACECC}.Debug|ARM64.ActiveCfg = Debug|ARM64
		{0B66CF47-E672-01F2-5443-D0DD83DACECC}.Debug|ARM64.Build.0 = Debug|ARM64
		{0B66CF47-E672-01F2-5443-D0DD83DACECC}.Debug|ARM64.Deploy.0 = Debug|ARM64
		{0B66CF47-E672-01F2-5443-D0DD83DACECC}.Debug|x64.ActiveCfg = Debug|x64
		{0B66CF47-E672-01F2-5443-D0DD83DACECC}.Debug|x64.Build.0 = Debug|x64
		{0B66CF47-E672-01F2-5443-D0DD83DACECC}.Debug|x64.Deploy.0 = Debug|x64
		{0B66CF47-E672-01F2-5443-D0DD83DACECC}.Debug|x86.ActiveCfg = Debug|x86
		{0B66CF47-E672-01F2-5443-D0DD83DACECC}.Debug|x86.Build.0 = Debug|x86
		{0B66CF47-E672-01F2-5443-D0DD83DACECC}.Debug|x86.Deploy.0 = Debug|x86
		{0B66CF47-E672-01F2-5443-D0DD83DACECC}.Release|ARM64.ActiveCfg = Release|ARM64
		{0B66CF47-E672-01F2-5443-D0DD83DACECC}.Release|ARM64.Build.0 = Release|ARM64
		{0B66CF47-E672-01F2-5443-D0DD83DACECC}.Release|ARM64.Deploy.0 = Release|ARM64
		{0B66CF47-E672-01F2-5443-D0DD83DACECC}.Release|x64.ActiveCfg = Release|x64
		{0B66CF47-E672-01F2-5443-D0DD83DACECC}.Release|x64.Build.0 = Release|x64
		{0B66CF47-E672-01F2-5443-D0DD83DACECC}.Release|x64.Deploy.0 = Release|x64
		{0B66CF47-E672-01F2-5443-D0DD83DACECC}.Release|x86.ActiveCfg = Release|x86
		{0B66CF47-E672-01F2-5443-D0DD83DACECC}.Release|x86.Build.0 = Release|x86
		{0B66CF47-E672-01F2-5443-D0DD83DACECC}.Release|x86.Deploy.0 = Release|x86
		{E0FA25F9-2726-B45E-A3CA-8C12E4653BF3}.Debug|ARM64.ActiveCfg = Debug|Any CPU
		{E0FA25F9-2726-B45E-A3CA-8C12E4653BF3}.Debug|ARM64.Build.0 = Debug|Any CPU
		{E0FA25F9-2726-B45E-A3CA-8C12E4653BF3}.Debug|x64.ActiveCfg = Debug|Any CPU
		{E0FA25F9-2726-B45E-A3CA-8C12E4653BF3}.Debug|x64.Build.0 = Debug|Any CPU
		{E0FA25F9-2726-B45E-A3CA-8C12E4653BF3}.Debug|x86.ActiveCfg = Debug|x86
		{E0FA25F9-2726-B45E-A3CA-8C12E4653BF3}.Debug|x86.Build.0 = Debug|x86
		{E0FA25F9-2726-B45E-A3CA-8C12E4653BF3}.Release|ARM64.ActiveCfg = Release|Any CPU
		{E0FA25F9-2726-B45E-A3CA-8C12E4653BF3}.Release|ARM64.Build.0 = Release|Any CPU
		{E0FA25F9-2726-B45E-A3CA-8C12E4653BF3}.Release|x64.ActiveCfg = Release|Any CPU
		{E0FA25F9-2726-B45E-A3CA-8C12E4653BF3}.Release|x64.Build.0 = Release|Any CPU
		{E0FA25F9-2726-B45E-A3CA-8C12E4653BF3}.Release|x86.ActiveCfg = Release|x86
		{E0FA25F9-2726-B45E-A3CA-8C12E4653BF3}.Release|x86.Build.0 = Release|x86
		{9EA4E498-B878-4D13-9141-8573EA9D9669}.Debug|ARM64.ActiveCfg = Debug|Any CPU
		{9EA4E498-B878-4D13-9141-8573EA9D9669}.Debug|ARM64.Build.0 = Debug|Any CPU
		{9EA4E498-B878-4D13-9141-8573EA9D9669}.Debug|x64.ActiveCfg = Debug|Any CPU
		{9EA4E498-B878-4D13-9141-8573EA9D9669}.Debug|x64.Build.0 = Debug|Any CPU
		{9EA4E498-B878-4D13-9141-8573EA9D9669}.Debug|x86.ActiveCfg = Debug|Any CPU
		{9EA4E498-B878-4D13-9141-8573EA9D9669}.Debug|x86.Build.0 = Debug|Any CPU
		{9EA4E498-B878-4D13-9141-8573EA9D9669}.Release|ARM64.ActiveCfg = Release|Any CPU
		{9EA4E498-B878-4D13-9141-8573EA9D9669}.Release|ARM64.Build.0 = Release|Any CPU
		{9EA4E498-B878-4D13-9141-8573EA9D9669}.Release|x64.ActiveCfg = Release|Any CPU
		{9EA4E498-B878-4D13-9141-8573EA9D9669}.Release|x64.Build.0 = Release|Any CPU
		{9EA4E498-B878-4D13-9141-8573EA9D9669}.Release|x86.ActiveCfg = Release|Any CPU
		{9EA4E498-B878-4D13-9141-8573EA9D9669}.Release|x86.Build.0 = Release|Any CPU
		{B64237CF-1C78-400F-864C-032712AEFED5}.Debug|ARM64.ActiveCfg = Debug|Any CPU
		{B64237CF-1C78-400F-864C-032712AEFED5}.Debug|ARM64.Build.0 = Debug|Any CPU
		{B64237CF-1C78-400F-864C-032712AEFED5}.Debug|x64.ActiveCfg = Debug|Any CPU
		{B64237CF-1C78-400F-864C-032712AEFED5}.Debug|x64.Build.0 = Debug|Any CPU
		{B64237CF-1C78-400F-864C-032712AEFED5}.Debug|x86.ActiveCfg = Debug|Any CPU
		{B64237CF-1C78-400F-864C-032712AEFED5}.Debug|x86.Build.0 = Debug|Any CPU
		{B64237CF-1C78-400F-864C-032712AEFED5}.Release|ARM64.ActiveCfg = Release|Any CPU
		{B64237CF-1C78-400F-864C-032712AEFED5}.Release|ARM64.Build.0 = Release|Any CPU
		{B64237CF-1C78-400F-864C-032712AEFED5}.Release|x64.ActiveCfg = Release|Any CPU
		{B64237CF-1C78-400F-864C-032712AEFED5}.Release|x64.Build.0 = Release|Any CPU
		{B64237CF-1C78-400F-864C-032712AEFED5}.Release|x86.ActiveCfg = Release|Any CPU
		{B64237CF-1C78-400F-864C-032712AEFED5}.Release|x86.Build.0 = Release|Any CPU
		{C92A9C71-1C65-48F2-AAB4-D9C92883E302}.Debug|ARM64.ActiveCfg = Debug|Any CPU
		{C92A9C71-1C65-48F2-AAB4-D9C92883E302}.Debug|ARM64.Build.0 = Debug|Any CPU
		{C92A9C71-1C65-48F2-AAB4-D9C92883E302}.Debug|x64.ActiveCfg = Debug|Any CPU
		{C92A9C71-1C65-48F2-AAB4-D9C92883E302}.Debug|x64.Build.0 = Debug|Any CPU
		{C92A9C71-1C65-48F2-AAB4-D9C92883E302}.Debug|x86.ActiveCfg = Debug|Any CPU
		{C92A9C71-1C65-48F2-AAB4-D9C92883E302}.Debug|x86.Build.0 = Debug|Any CPU
		{C92A9C71-1C65-48F2-AAB4-D9C92883E302}.Release|ARM64.ActiveCfg = Release|Any CPU
		{C92A9C71-1C65-48F2-AAB4-D9C92883E302}.Release|ARM64.Build.0 = Release|Any CPU
		{C92A9C71-1C65-48F2-AAB4-D9C92883E302}.Release|x64.ActiveCfg = Release|Any CPU
		{C92A9C71-1C65-48F2-AAB4-D9C92883E302}.Release|x64.Build.0 = Release|Any CPU
		{C92A9C71-1C65-48F2-AAB4-D9C92883E302}.Release|x86.ActiveCfg = Release|Any CPU
		{C92A9C71-1C65-48F2-AAB4-D9C92883E302}.Release|x86.Build.0 = Release|Any CPU
	EndGlobalSection
	GlobalSection(SolutionProperties) = preSolution
		HideSolutionNode = FALSE
	EndGlobalSection
	GlobalSection(ExtensibilityGlobals) = postSolution
		SolutionGuid = {BD546D88-A3D3-4071-9FFC-0614B8A891BB}
	EndGlobalSection
EndGlobal
